
Microsoft Visual Studio Solution File, Format Version 12.00
# Visual Studio Version 16
VisualStudioVersion = 16.0.30717.126
MinimumVisualStudioVersion = 10.0.40219.1
Project("{FAE04EC0-301F-11D3-BF4B-00C04F79EFBC}") = "GoogleSheetsIntro", "GoogleSheetsIntro.csproj", "{AC475812-2B22-46DD-B9B4-509E1D68F5D3}"
EndProject
Global
	GlobalSection(SolutionConfigurationPlatforms) = preSolution
		Debug|Any CPU = Debug|Any CPU
		Release|Any CPU = Release|Any CPU
	EndGlobalSection
	GlobalSection(ProjectConfigurationPlatforms) = postSolution
		{AC475812-2B22-46DD-B9B4-509E1D68F5D3}.Debug|Any CPU.ActiveCfg = Debug|Any CPU
		{AC475812-2B22-46DD-B9B4-509E1D68F5D3}.Debug|Any CPU.Build.0 = Debug|Any CPU
		{AC475812-2B22-46DD-B9B4-509E1D68F5D3}.Release|Any CPU.ActiveCfg = Release|Any CPU
		{AC475812-2B22-46DD-B9B4-509E1D68F5D3}.Release|Any CPU.Build.0 = Release|Any CPU
	EndGlobalSection
	GlobalSection(SolutionProperties) = preSolution
		HideSolutionNode = FALSE
	EndGlobalSection
	GlobalSection(ExtensibilityGlobals) = postSolution
		SolutionGuid = {5E8A6A32-1047-4CD8-A221-08BDDBAA43EA}
	EndGlobalSection
EndGlobal
